<?xml version="1.0" encoding="utf-8"?>
<Project ToolsVersion="4.0" xmlns="http://schemas.microsoft.com/developer/msbuild/2003">
  <ItemGroup>
    <Filter Include="Simbakior">
      <UniqueIdentifier>{E6ACB24F-5217-67C6-9B55-186C07FF441B}</UniqueIdentifier>
    </Filter>
    <Filter Include="Simbakior\Events">
      <UniqueIdentifier>{0A1A14BD-F612-330F-1F45-18940B9D121B}</UniqueIdentifier>
    </Filter>
  </ItemGroup>
  <ItemGroup>
    <ClInclude Include="src\Simbakior.h" />
    <ClInclude Include="src\Simbakior\Application.h">
      <Filter>Simbakior</Filter>
    </ClInclude>
    <ClInclude Include="src\Simbakior\Core.h">
      <Filter>Simbakior</Filter>
    </ClInclude>
    <ClInclude Include="src\Simbakior\EntryPoint.h">
      <Filter>Simbakior</Filter>
    </ClInclude>
    <ClInclude Include="src\Simbakior\Events\ApplicationEvent.h">
      <Filter>Simbakior\Events</Filter>
    </ClInclude>
    <ClInclude Include="src\Simbakior\Events\Event.h">
      <Filter>Simbakior\Events</Filter>
    </ClInclude>
    <ClInclude Include="src\Simbakior\Events\KeyEvent.h">
      <Filter>Simbakior\Events</Filter>
    </ClInclude>
    <ClInclude Include="src\Simbakior\Events\MouseEvent.h">
      <Filter>Simbakior\Events</Filter>
    </ClInclude>
    <ClInclude Include="src\Simbakior\Log.h">
      <Filter>Simbakior</Filter>
    </ClInclude>
    <ClInclude Include="src\smpch.h" />
  </ItemGroup>
  <ItemGroup>
    <ClCompile Include="src\Simbakior\Application.cpp">
      <Filter>Simbakior</Filter>
    </ClCompile>
    <ClCompile Include="src\Simbakior\Log.cpp">
      <Filter>Simbakior</Filter>
    </ClCompile>
    <ClCompile Include="src\smpch.cpp" />
  </ItemGroup>
</Project>